<?xml version="1.0" encoding="utf-8"?>
<Project ToolsVersion="Current" xmlns="http://schemas.microsoft.com/developer/msbuild/2003">
  <ItemGroup>
    <ClCompile Include="AppEditorLogic.cpp">
      <Filter>_MainLoop</Filter>
    </ClCompile>
    <ClCompile Include="AppSystemLogic.cpp">
      <Filter>_MainLoop</Filter>
    </ClCompile>
    <ClCompile Include="AppWorldLogic.cpp">
      <Filter>_MainLoop</Filter>
    </ClCompile>
    <ClCompile Include="main.cpp">
      <Filter>_MainLoop</Filter>
    </ClCompile>
    <ClCompile Include="AnimationState.cpp">
      <Filter>Animation</Filter>
    </ClCompile>
    <ClCompile Include="Bullet.cpp">
      <Filter>Bullet_HealthBar</Filter>
    </ClCompile>
    <ClCompile Include="HealthBar.cpp">
      <Filter>Bullet_HealthBar</Filter>
    </ClCompile>
    <ClCompile Include="CameraController.cpp">
      <Filter>Camera</Filter>
    </ClCompile>
    <ClCompile Include="CameraFollower.cpp">
      <Filter>Camera</Filter>
    </ClCompile>
    <ClCompile Include="DetectionRay.cpp">
      <Filter>Interaction_GunHandler</Filter>
    </ClCompile>
    <ClCompile Include="GunHandler.cpp">
      <Filter>Interaction_GunHandler</Filter>
    </ClCompile>
    <ClCompile Include="HUDMaker.cpp">
      <Filter>HUD</Filter>
    </ClCompile>
    <ClCompile Include="PropertyChecker.cpp">
      <Filter>Basics</Filter>
    </ClCompile>
    <ClCompile Include="SomeClass.cpp">
      <Filter>Basics</Filter>
    </ClCompile>
    <ClCompile Include="PathMaker.cpp">
      <Filter>AI</Filter>
    </ClCompile>
    <ClCompile Include="ShooterAI.cpp">
      <Filter>AI</Filter>
    </ClCompile>
    <ClCompile Include="PhysicsController.cpp">
      <Filter>Shooter</Filter>
    </ClCompile>
    <ClCompile Include="ShooterAnim.cpp">
      <Filter>Shooter</Filter>
    </ClCompile>
    <ClCompile Include="IntersectionRay.cpp">
      <Filter>Basics</Filter>
    </ClCompile>
  </ItemGroup>
  <ItemGroup>
    <ClInclude Include="AppEditorLogic.h">
      <Filter>_MainLoop</Filter>
    </ClInclude>
    <ClInclude Include="AppSystemLogic.h">
      <Filter>_MainLoop</Filter>
    </ClInclude>
    <ClInclude Include="AppWorldLogic.h">
      <Filter>_MainLoop</Filter>
    </ClInclude>
    <ClInclude Include="AnimationState.h">
      <Filter>Animation</Filter>
    </ClInclude>
    <ClInclude Include="Bullet.h">
      <Filter>Bullet_HealthBar</Filter>
    </ClInclude>
    <ClInclude Include="HealthBar.h">
      <Filter>Bullet_HealthBar</Filter>
    </ClInclude>
    <ClInclude Include="CameraController.h">
      <Filter>Camera</Filter>
    </ClInclude>
    <ClInclude Include="CameraFollower.h">
      <Filter>Camera</Filter>
    </ClInclude>
    <ClInclude Include="DetectionRay.h">
      <Filter>Interaction_GunHandler</Filter>
    </ClInclude>
    <ClInclude Include="GunHandler.h">
      <Filter>Interaction_GunHandler</Filter>
    </ClInclude>
    <ClInclude Include="HUDMaker.h">
      <Filter>HUD</Filter>
    </ClInclude>
    <ClInclude Include="PropertyChecker.h">
      <Filter>Basics</Filter>
    </ClInclude>
    <ClInclude Include="SomeClass.h">
      <Filter>Basics</Filter>
    </ClInclude>
    <ClInclude Include="PathMaker.h">
      <Filter>AI</Filter>
    </ClInclude>
    <ClInclude Include="ShooterAI.h">
      <Filter>AI</Filter>
    </ClInclude>
    <ClInclude Include="ShooterAnim.h">
      <Filter>Shooter</Filter>
    </ClInclude>
    <ClInclude Include="PhysicsController.h">
      <Filter>Shooter</Filter>
    </ClInclude>
    <ClInclude Include="IntersectionRay.h">
      <Filter>Basics</Filter>
    </ClInclude>
  </ItemGroup>
  <ItemGroup>
    <Filter Include="_MainLoop">
      <UniqueIdentifier>{7898780f-5b34-456c-9e27-a597aafbeb66}</UniqueIdentifier>
    </Filter>
    <Filter Include="Animation">
      <UniqueIdentifier>{19b4009a-c846-4a02-9d78-908cd46ed104}</UniqueIdentifier>
    </Filter>
    <Filter Include="Bullet_HealthBar">
      <UniqueIdentifier>{24a39739-d451-424b-b7c9-dc35e5fb9092}</UniqueIdentifier>
    </Filter>
    <Filter Include="Camera">
      <UniqueIdentifier>{2f0ca053-c6cd-4871-8a38-f9c76cd2b29e}</UniqueIdentifier>
    </Filter>
    <Filter Include="Interaction_GunHandler">
      <UniqueIdentifier>{f447c743-443d-423c-8f73-b7ddecf77f14}</UniqueIdentifier>
    </Filter>
    <Filter Include="HUD">
      <UniqueIdentifier>{46686434-09e2-4430-8f18-c4909e3b6482}</UniqueIdentifier>
    </Filter>
    <Filter Include="Basics">
      <UniqueIdentifier>{99cb5750-0b85-4f14-9d34-7174b58c05f1}</UniqueIdentifier>
    </Filter>
    <Filter Include="AI">
      <UniqueIdentifier>{b0001a17-9849-4ec9-85f4-2c29b1274d81}</UniqueIdentifier>
    </Filter>
    <Filter Include="Shooter">
      <UniqueIdentifier>{b7852580-1696-4dcc-a5b7-43d8ce0946eb}</UniqueIdentifier>
    </Filter>
  </ItemGroup>
  <ItemGroup>
    <Natvis Include="../utils/natvis/unigine_stl.natvis">
      <Filter>_MainLoop</Filter>
    </Natvis>
  </ItemGroup>
</Project>